
Microsoft Visual Studio Solution File, Format Version 12.00
# Visual Studio Version 17
VisualStudioVersion = 17.11.35303.130
MinimumVisualStudioVersion = 10.0.40219.1
Project("{FAE04EC0-301F-11D3-BF4B-00C04F79EFBC}") = "LoginMHS", "LoginMHS\LoginMHS.csproj", "{7D2D4B52-41FD-4E3D-A64F-A0FEE74EDBD1}"
EndProject
Global
	GlobalSection(SolutionConfigurationPlatforms) = preSolution
		Debug|Any CPU = Debug|Any CPU
		Release|Any CPU = Release|Any CPU
	EndGlobalSection
	GlobalSection(ProjectConfigurationPlatforms) = postSolution
		{7D2D4B52-41FD-4E3D-A64F-A0FEE74EDBD1}.Debug|Any CPU.ActiveCfg = Debug|Any CPU
		{7D2D4B52-41FD-4E3D-A64F-A0FEE74EDBD1}.Debug|Any CPU.Build.0 = Debug|Any CPU
		{7D2D4B52-41FD-4E3D-A64F-A0FEE74EDBD1}.Release|Any CPU.ActiveCfg = Release|Any CPU
		{7D2D4B52-41FD-4E3D-A64F-A0FEE74EDBD1}.Release|Any CPU.Build.0 = Release|Any CPU
	EndGlobalSection
	GlobalSection(SolutionProperties) = preSolution
		HideSolutionNode = FALSE
	EndGlobalSection
	GlobalSection(ExtensibilityGlobals) = postSolution
		SolutionGuid = {43C3DBF0-C0A2-4887-AF90-561ED6AB7BAF}
	EndGlobalSection
EndGlobal
